
Microsoft Visual Studio Solution File, Format Version 12.00
# Visual Studio Version 16
VisualStudioVersion = 16.0.29806.167
MinimumVisualStudioVersion = 10.0.40219.1
Project("{FAE04EC0-301F-11D3-BF4B-00C04F79EFBC}") = "ConsoleApp1", "ConsoleApp1\ConsoleApp1.csproj", "{FD4C0D42-D8F2-43D5-9A71-E1159326CE47}"
EndProject
Global
	GlobalSection(SolutionConfigurationPlatforms) = preSolution
		Debug|Any CPU = Debug|Any CPU
		Release|Any CPU = Release|Any CPU
	EndGlobalSection
	GlobalSection(ProjectConfigurationPlatforms) = postSolution
		{FD4C0D42-D8F2-43D5-9A71-E1159326CE47}.Debug|Any CPU.ActiveCfg = Debug|Any CPU
		{FD4C0D42-D8F2-43D5-9A71-E1159326CE47}.Debug|Any CPU.Build.0 = Debug|Any CPU
		{FD4C0D42-D8F2-43D5-9A71-E1159326CE47}.Release|Any CPU.ActiveCfg = Release|Any CPU
		{FD4C0D42-D8F2-43D5-9A71-E1159326CE47}.Release|Any CPU.Build.0 = Release|Any CPU
	EndGlobalSection
	GlobalSection(SolutionProperties) = preSolution
		HideSolutionNode = FALSE
	EndGlobalSection
	GlobalSection(ExtensibilityGlobals) = postSolution
		SolutionGuid = {C1391AF3-216B-4C6D-9859-A63CD9896CCE}
	EndGlobalSection
EndGlobal
